
Microsoft Visual Studio Solution File, Format Version 12.00
# Visual Studio Version 16
VisualStudioVersion = 16.0.29230.47
MinimumVisualStudioVersion = 10.0.40219.1
Project("{FAE04EC0-301F-11D3-BF4B-00C04F79EFBC}") = "SharpML", "SharpML.Recurrent\SharpML.csproj", "{07F1480B-7CB3-4C18-BA5F-14A40456F4FF}"
EndProject
Project("{FAE04EC0-301F-11D3-BF4B-00C04F79EFBC}") = "RNN_Seq2Seq", "Exempls\RNN_Seq2Seq\RNN_Seq2Seq.csproj", "{E8B13951-9832-423B-993B-214EDC37357A}"
EndProject
Project("{FAE04EC0-301F-11D3-BF4B-00C04F79EFBC}") = "CnnTest", "Exempls\CnnTest\CnnTest.csproj", "{8FE6236A-52E4-4552-981D-4A5CECEF61E1}"
EndProject
Global
	GlobalSection(SolutionConfigurationPlatforms) = preSolution
		Debug|Any CPU = Debug|Any CPU
		Release|Any CPU = Release|Any CPU
	EndGlobalSection
	GlobalSection(ProjectConfigurationPlatforms) = postSolution
		{07F1480B-7CB3-4C18-BA5F-14A40456F4FF}.Debug|Any CPU.ActiveCfg = Debug|Any CPU
		{07F1480B-7CB3-4C18-BA5F-14A40456F4FF}.Debug|Any CPU.Build.0 = Debug|Any CPU
		{07F1480B-7CB3-4C18-BA5F-14A40456F4FF}.Release|Any CPU.ActiveCfg = Release|Any CPU
		{07F1480B-7CB3-4C18-BA5F-14A40456F4FF}.Release|Any CPU.Build.0 = Release|Any CPU
		{E8B13951-9832-423B-993B-214EDC37357A}.Debug|Any CPU.ActiveCfg = Debug|Any CPU
		{E8B13951-9832-423B-993B-214EDC37357A}.Debug|Any CPU.Build.0 = Debug|Any CPU
		{E8B13951-9832-423B-993B-214EDC37357A}.Release|Any CPU.ActiveCfg = Release|Any CPU
		{E8B13951-9832-423B-993B-214EDC37357A}.Release|Any CPU.Build.0 = Release|Any CPU
		{8FE6236A-52E4-4552-981D-4A5CECEF61E1}.Debug|Any CPU.ActiveCfg = Debug|Any CPU
		{8FE6236A-52E4-4552-981D-4A5CECEF61E1}.Debug|Any CPU.Build.0 = Debug|Any CPU
		{8FE6236A-52E4-4552-981D-4A5CECEF61E1}.Release|Any CPU.ActiveCfg = Release|Any CPU
		{8FE6236A-52E4-4552-981D-4A5CECEF61E1}.Release|Any CPU.Build.0 = Release|Any CPU
	EndGlobalSection
	GlobalSection(SolutionProperties) = preSolution
		HideSolutionNode = FALSE
	EndGlobalSection
	GlobalSection(ExtensibilityGlobals) = postSolution
		SolutionGuid = {445B3B12-FBA1-4E5A-82D4-7D3D64F15659}
	EndGlobalSection
EndGlobal
